// !$*UTF8*$!
{
	archiveVersion = 1;
	classes = {
	};
	objectVersion = 56;
	objects = {

/* Begin PBXBuildFile section */
		3793866E2A936D400092D878 /* ColorConstants.swift in Sources */ = {isa = PBXBuildFile; fileRef = 3793866D2A936D400092D878 /* ColorConstants.swift */; };
		379386702A9373AA0092D878 /* ExtensionConstants.swift in Sources */ = {isa = PBXBuildFile; fileRef = 3793866F2A9373AA0092D878 /* ExtensionConstants.swift */; };
		379B65A32A9323F700A44066 /* AppDelegate.swift in Sources */ = {isa = PBXBuildFile; fileRef = 379B65A22A9323F700A44066 /* AppDelegate.swift */; };
		379B65A52A9323F700A44066 /* SceneDelegate.swift in Sources */ = {isa = PBXBuildFile; fileRef = 379B65A42A9323F700A44066 /* SceneDelegate.swift */; };
		379B65A72A9323F700A44066 /* ViewController.swift in Sources */ = {isa = PBXBuildFile; fileRef = 379B65A62A9323F700A44066 /* ViewController.swift */; };
		379B65AA2A9323F700A44066 /* Main.storyboard in Resources */ = {isa = PBXBuildFile; fileRef = 379B65A82A9323F700A44066 /* Main.storyboard */; };
		379B65AC2A9323F800A44066 /* Assets.xcassets in Resources */ = {isa = PBXBuildFile; fileRef = 379B65AB2A9323F800A44066 /* Assets.xcassets */; };
		379B65AF2A9323F800A44066 /* LaunchScreen.storyboard in Resources */ = {isa = PBXBuildFile; fileRef = 379B65AD2A9323F800A44066 /* LaunchScreen.storyboard */; };
		379B65BA2A9323F800A44066 /* Shape_MakersTests.swift in Sources */ = {isa = PBXBuildFile; fileRef = 379B65B92A9323F800A44066 /* Shape_MakersTests.swift */; };
		379B65C42A9323F800A44066 /* Shape_MakersUITests.swift in Sources */ = {isa = PBXBuildFile; fileRef = 379B65C32A9323F800A44066 /* Shape_MakersUITests.swift */; };
		379B65C62A9323F800A44066 /* Shape_MakersUITestsLaunchTests.swift in Sources */ = {isa = PBXBuildFile; fileRef = 379B65C52A9323F800A44066 /* Shape_MakersUITestsLaunchTests.swift */; };
		379B65E02A9338B000A44066 /* AppConstants.swift in Sources */ = {isa = PBXBuildFile; fileRef = 379B65DF2A9338B000A44066 /* AppConstants.swift */; };
/* End PBXBuildFile section */

/* Begin PBXContainerItemProxy section */
		379B65B62A9323F800A44066 /* PBXContainerItemProxy */ = {
			isa = PBXContainerItemProxy;
			containerPortal = 379B65972A9323F700A44066 /* Project object */;
			proxyType = 1;
			remoteGlobalIDString = 379B659E2A9323F700A44066;
			remoteInfo = "Shape Makers";
		};
		379B65C02A9323F800A44066 /* PBXContainerItemProxy */ = {
			isa = PBXContainerItemProxy;
			containerPortal = 379B65972A9323F700A44066 /* Project object */;
			proxyType = 1;
			remoteGlobalIDString = 379B659E2A9323F700A44066;
			remoteInfo = "Shape Makers";
		};
/* End PBXContainerItemProxy section */

/* Begin PBXFileReference section */
		3793866D2A936D400092D878 /* ColorConstants.swift */ = {isa = PBXFileReference; lastKnownFileType = sourcecode.swift; path = ColorConstants.swift; sourceTree = "<group>"; };
		3793866F2A9373AA0092D878 /* ExtensionConstants.swift */ = {isa = PBXFileReference; lastKnownFileType = sourcecode.swift; path = ExtensionConstants.swift; sourceTree = "<group>"; };
		379B659F2A9323F700A44066 /* Shape Makers.app */ = {isa = PBXFileReference; explicitFileType = wrapper.application; includeInIndex = 0; path = "Shape Makers.app"; sourceTree = BUILT_PRODUCTS_DIR; };
		379B65A22A9323F700A44066 /* AppDelegate.swift */ = {isa = PBXFileReference; lastKnownFileType = sourcecode.swift; path = AppDelegate.swift; sourceTree = "<group>"; };
		379B65A42A9323F700A44066 /* SceneDelegate.swift */ = {isa = PBXFileReference; lastKnownFileType = sourcecode.swift; path = SceneDelegate.swift; sourceTree = "<group>"; };
		379B65A62A9323F700A44066 /* ViewController.swift */ = {isa = PBXFileReference; lastKnownFileType = sourcecode.swift; path = ViewController.swift; sourceTree = "<group>"; };
		379B65A92A9323F700A44066 /* Base */ = {isa = PBXFileReference; lastKnownFileType = file.storyboard; name = Base; path = Base.lproj/Main.storyboard; sourceTree = "<group>"; };
		379B65AB2A9323F800A44066 /* Assets.xcassets */ = {isa = PBXFileReference; lastKnownFileType = folder.assetcatalog; path = Assets.xcassets; sourceTree = "<group>"; };
		379B65AE2A9323F800A44066 /* Base */ = {isa = PBXFileReference; lastKnownFileType = file.storyboard; name = Base; path = Base.lproj/LaunchScreen.storyboard; sourceTree = "<group>"; };
		379B65B02A9323F800A44066 /* Info.plist */ = {isa = PBXFileReference; lastKnownFileType = text.plist.xml; path = Info.plist; sourceTree = "<group>"; };
		379B65B52A9323F800A44066 /* Shape MakersTests.xctest */ = {isa = PBXFileReference; explicitFileType = wrapper.cfbundle; includeInIndex = 0; path = "Shape MakersTests.xctest"; sourceTree = BUILT_PRODUCTS_DIR; };
		379B65B92A9323F800A44066 /* Shape_MakersTests.swift */ = {isa = PBXFileReference; lastKnownFileType = sourcecode.swift; path = Shape_MakersTests.swift; sourceTree = "<group>"; };
		379B65BF2A9323F800A44066 /* Shape MakersUITests.xctest */ = {isa = PBXFileReference; explicitFileType = wrapper.cfbundle; includeInIndex = 0; path = "Shape MakersUITests.xctest"; sourceTree = BUILT_PRODUCTS_DIR; };
		379B65C32A9323F800A44066 /* Shape_MakersUITests.swift */ = {isa = PBXFileReference; lastKnownFileType = sourcecode.swift; path = Shape_MakersUITests.swift; sourceTree = "<group>"; };
		379B65C52A9323F800A44066 /* Shape_MakersUITestsLaunchTests.swift */ = {isa = PBXFileReference; lastKnownFileType = sourcecode.swift; path = Shape_MakersUITestsLaunchTests.swift; sourceTree = "<group>"; };
		379B65DF2A9338B000A44066 /* AppConstants.swift */ = {isa = PBXFileReference; lastKnownFileType = sourcecode.swift; path = AppConstants.swift; sourceTree = "<group>"; };
/* End PBXFileReference section */

/* Begin PBXFrameworksBuildPhase section */
		379B659C2A9323F700A44066 /* Frameworks */ = {
			isa = PBXFrameworksBuildPhase;
			buildActionMask = 2147483647;
			files = (
			);
			runOnlyForDeploymentPostprocessing = 0;
		};
		379B65B22A9323F800A44066 /* Frameworks */ = {
			isa = PBXFrameworksBuildPhase;
			buildActionMask = 2147483647;
			files = (
			);
			runOnlyForDeploymentPostprocessing = 0;
		};
		379B65BC2A9323F800A44066 /* Frameworks */ = {
			isa = PBXFrameworksBuildPhase;
			buildActionMask = 2147483647;
			files = (
			);
			runOnlyForDeploymentPostprocessing = 0;
		};
/* End PBXFrameworksBuildPhase section */

/* Begin PBXGroup section */
		379B65962A9323F700A44066 = {
			isa = PBXGroup;
			children = (
				379B65A12A9323F700A44066 /* Shape Makers */,
				379B65B82A9323F800A44066 /* Shape MakersTests */,
				379B65C22A9323F800A44066 /* Shape MakersUITests */,
				379B65A02A9323F700A44066 /* Products */,
			);
			sourceTree = "<group>";
		};
		379B65A02A9323F700A44066 /* Products */ = {
			isa = PBXGroup;
			children = (
				379B659F2A9323F700A44066 /* Shape Makers.app */,
				379B65B52A9323F800A44066 /* Shape MakersTests.xctest */,
				379B65BF2A9323F800A44066 /* Shape MakersUITests.xctest */,
			);
			name = Products;
			sourceTree = "<group>";
		};
		379B65A12A9323F700A44066 /* Shape Makers */ = {
			isa = PBXGroup;
			children = (
				379B65A22A9323F700A44066 /* AppDelegate.swift */,
				379B65A42A9323F700A44066 /* SceneDelegate.swift */,
				379B65A62A9323F700A44066 /* ViewController.swift */,
				379B65DF2A9338B000A44066 /* AppConstants.swift */,
				3793866D2A936D400092D878 /* ColorConstants.swift */,
				3793866F2A9373AA0092D878 /* ExtensionConstants.swift */,
				379B65A82A9323F700A44066 /* Main.storyboard */,
				379B65AB2A9323F800A44066 /* Assets.xcassets */,
				379B65AD2A9323F800A44066 /* LaunchScreen.storyboard */,
				379B65B02A9323F800A44066 /* Info.plist */,
			);
			path = "Shape Makers";
			sourceTree = "<group>";
		};
		379B65B82A9323F800A44066 /* Shape MakersTests */ = {
			isa = PBXGroup;
			children = (
				379B65B92A9323F800A44066 /* Shape_MakersTests.swift */,
			);
			path = "Shape MakersTests";
			sourceTree = "<group>";
		};
		379B65C22A9323F800A44066 /* Shape MakersUITests */ = {
			isa = PBXGroup;
			children = (
				379B65C32A9323F800A44066 /* Shape_MakersUITests.swift */,
				379B65C52A9323F800A44066 /* Shape_MakersUITestsLaunchTests.swift */,
			);
			path = "Shape MakersUITests";
			sourceTree = "<group>";
		};
/* End PBXGroup section */

/* Begin PBXNativeTarget section */
		379B659E2A9323F700A44066 /* Shape Makers */ = {
			isa = PBXNativeTarget;
			buildConfigurationList = 379B65C92A9323F800A44066 /* Build configuration list for PBXNativeTarget "Shape Makers" */;
			buildPhases = (
				379B659B2A9323F700A44066 /* Sources */,
				379B659C2A9323F700A44066 /* Frameworks */,
				379B659D2A9323F700A44066 /* Resources */,
			);
			buildRules = (
			);
			dependencies = (
			);
			name = "Shape Makers";
			productName = "Shape Makers";
			productReference = 379B659F2A9323F700A44066 /* Shape Makers.app */;
			productType = "com.apple.product-type.application";
		};
		379B65B42A9323F800A44066 /* Shape MakersTests */ = {
			isa = PBXNativeTarget;
			buildConfigurationList = 379B65CC2A9323F800A44066 /* Build configuration list for PBXNativeTarget "Shape MakersTests" */;
			buildPhases = (
				379B65B12A9323F800A44066 /* Sources */,
				379B65B22A9323F800A44066 /* Frameworks */,
				379B65B32A9323F800A44066 /* Resources */,
			);
			buildRules = (
			);
			dependencies = (
				379B65B72A9323F800A44066 /* PBXTargetDependency */,
			);
			name = "Shape MakersTests";
			productName = "Shape MakersTests";
			productReference = 379B65B52A9323F800A44066 /* Shape MakersTests.xctest */;
			productType = "com.apple.product-type.bundle.unit-test";
		};
		379B65BE2A9323F800A44066 /* Shape MakersUITests */ = {
			isa = PBXNativeTarget;
			buildConfigurationList = 379B65CF2A9323F800A44066 /* Build configuration list for PBXNativeTarget "Shape MakersUITests" */;
			buildPhases = (
				379B65BB2A9323F800A44066 /* Sources */,
				379B65BC2A9323F800A44066 /* Frameworks */,
				379B65BD2A9323F800A44066 /* Resources */,
			);
			buildRules = (
			);
			dependencies = (
				379B65C12A9323F800A44066 /* PBXTargetDependency */,
			);
			name = "Shape MakersUITests";
			productName = "Shape MakersUITests";
			productReference = 379B65BF2A9323F800A44066 /* Shape MakersUITests.xctest */;
			productType = "com.apple.product-type.bundle.ui-testing";
		};
/* End PBXNativeTarget section */

/* Begin PBXProject section */
		379B65972A9323F700A44066 /* Project object */ = {
			isa = PBXProject;
			attributes = {
				BuildIndependentTargetsInParallel = 1;
				LastSwiftUpdateCheck = 1430;
				LastUpgradeCheck = 1430;
				TargetAttributes = {
					379B659E2A9323F700A44066 = {
						CreatedOnToolsVersion = 14.3.1;
					};
					379B65B42A9323F800A44066 = {
						CreatedOnToolsVersion = 14.3.1;
						TestTargetID = 379B659E2A9323F700A44066;
					};
					379B65BE2A9323F800A44066 = {
						CreatedOnToolsVersion = 14.3.1;
						TestTargetID = 379B659E2A9323F700A44066;
					};
				};
			};
			buildConfigurationList = 379B659A2A9323F700A44066 /* Build configuration list for PBXProject "Shape Makers" */;
			compatibilityVersion = "Xcode 14.0";
			developmentRegion = en;
			hasScannedForEncodings = 0;
			knownRegions = (
				en,
				Base,
			);
			mainGroup = 379B65962A9323F700A44066;
			productRefGroup = 379B65A02A9323F700A44066 /* Products */;
			projectDirPath = "";
			projectRoot = "";
			targets = (
				379B659E2A9323F700A44066 /* Shape Makers */,
				379B65B42A9323F800A44066 /* Shape MakersTests */,
				379B65BE2A9323F800A44066 /* Shape MakersUITests */,
			);
		};
/* End PBXProject section */

/* Begin PBXResourcesBuildPhase section */
		379B659D2A9323F700A44066 /* Resources */ = {
			isa = PBXResourcesBuildPhase;
			buildActionMask = 2147483647;
			files = (
				379B65AF2A9323F800A44066 /* LaunchScreen.storyboard in Resources */,
				379B65AC2A9323F800A44066 /* Assets.xcassets in Resources */,
				379B65AA2A9323F700A44066 /* Main.storyboard in Resources */,
			);
			runOnlyForDeploymentPostprocessing = 0;
		};
		379B65B32A9323F800A44066 /* Resources */ = {
			isa = PBXResourcesBuildPhase;
			buildActionMask = 2147483647;
			files = (
			);
			runOnlyForDeploymentPostprocessing = 0;
		};
		379B65BD2A9323F800A44066 /* Resources */ = {
			isa = PBXResourcesBuildPhase;
			buildActionMask = 2147483647;
			files = (
			);
			runOnlyForDeploymentPostprocessing = 0;
		};
/* End PBXResourcesBuildPhase section */

/* Begin PBXSourcesBuildPhase section */
		379B659B2A9323F700A44066 /* Sources */ = {
			isa = PBXSourcesBuildPhase;
			buildActionMask = 2147483647;
			files = (
				379B65A72A9323F700A44066 /* ViewController.swift in Sources */,
				379B65A32A9323F700A44066 /* AppDelegate.swift in Sources */,
				379B65A52A9323F700A44066 /* SceneDelegate.swift in Sources */,
				379386702A9373AA0092D878 /* ExtensionConstants.swift in Sources */,
				3793866E2A936D400092D878 /* ColorConstants.swift in Sources */,
				379B65E02A9338B000A44066 /* AppConstants.swift in Sources */,
			);
			runOnlyForDeploymentPostprocessing = 0;
		};
		379B65B12A9323F800A44066 /* Sources */ = {
			isa = PBXSourcesBuildPhase;
			buildActionMask = 2147483647;
			files = (
				379B65BA2A9323F800A44066 /* Shape_MakersTests.swift in Sources */,
			);
			runOnlyForDeploymentPostprocessing = 0;
		};
		379B65BB2A9323F800A44066 /* Sources */ = {
			isa = PBXSourcesBuildPhase;
			buildActionMask = 2147483647;
			files = (
				379B65C42A9323F800A44066 /* Shape_MakersUITests.swift in Sources */,
				379B65C62A9323F800A44066 /* Shape_MakersUITestsLaunchTests.swift in Sources */,
			);
			runOnlyForDeploymentPostprocessing = 0;
		};
/* End PBXSourcesBuildPhase section */

/* Begin PBXTargetDependency section */
		379B65B72A9323F800A44066 /* PBXTargetDependency */ = {
			isa = PBXTargetDependency;
			target = 379B659E2A9323F700A44066 /* Shape Makers */;
			targetProxy = 379B65B62A9323F800A44066 /* PBXContainerItemProxy */;
		};
		379B65C12A9323F800A44066 /* PBXTargetDependency */ = {
			isa = PBXTargetDependency;
			target = 379B659E2A9323F700A44066 /* Shape Makers */;
			targetProxy = 379B65C02A9323F800A44066 /* PBXContainerItemProxy */;
		};
/* End PBXTargetDependency section */

/* Begin PBXVariantGroup section */
		379B65A82A9323F700A44066 /* Main.storyboard */ = {
			isa = PBXVariantGroup;
			children = (
				379B65A92A9323F700A44066 /* Base */,
			);
			name = Main.storyboard;
			sourceTree = "<group>";
		};
		379B65AD2A9323F800A44066 /* LaunchScreen.storyboard */ = {
			isa = PBXVariantGroup;
			children = (
				379B65AE2A9323F800A44066 /* Base */,
			);
			name = LaunchScreen.storyboard;
			sourceTree = "<group>";
		};
/* End PBXVariantGroup section */

/* Begin XCBuildConfiguration section */
		379B65C72A9323F800A44066 /* Debug */ = {
			isa = XCBuildConfiguration;
			buildSettings = {
				ALWAYS_SEARCH_USER_PATHS = NO;
				CLANG_ANALYZER_NONNULL = YES;
				CLANG_ANALYZER_NUMBER_OBJECT_CONVERSION = YES_AGGRESSIVE;
				CLANG_CXX_LANGUAGE_STANDARD = "gnu++20";
				CLANG_ENABLE_MODULES = YES;
				CLANG_ENABLE_OBJC_ARC = YES;
				CLANG_ENABLE_OBJC_WEAK = YES;
				CLANG_WARN_BLOCK_CAPTURE_AUTORELEASING = YES;
				CLANG_WARN_BOOL_CONVERSION = YES;
				CLANG_WARN_COMMA = YES;
				CLANG_WARN_CONSTANT_CONVERSION = YES;
				CLANG_WARN_DEPRECATED_OBJC_IMPLEMENTATIONS = YES;
				CLANG_WARN_DIRECT_OBJC_ISA_USAGE = YES_ERROR;
				CLANG_WARN_DOCUMENTATION_COMMENTS = YES;
				CLANG_WARN_EMPTY_BODY = YES;
				CLANG_WARN_ENUM_CONVERSION = YES;
				CLANG_WARN_INFINITE_RECURSION = YES;
				CLANG_WARN_INT_CONVERSION = YES;
				CLANG_WARN_NON_LITERAL_NULL_CONVERSION = YES;
				CLANG_WARN_OBJC_IMPLICIT_RETAIN_SELF = YES;
				CLANG_WARN_OBJC_LITERAL_CONVERSION = YES;
				CLANG_WARN_OBJC_ROOT_CLASS = YES_ERROR;
				CLANG_WARN_QUOTED_INCLUDE_IN_FRAMEWORK_HEADER = YES;
				CLANG_WARN_RANGE_LOOP_ANALYSIS = YES;
				CLANG_WARN_STRICT_PROTOTYPES = YES;
				CLANG_WARN_SUSPICIOUS_MOVE = YES;
				CLANG_WARN_UNGUARDED_AVAILABILITY = YES_AGGRESSIVE;
				CLANG_WARN_UNREACHABLE_CODE = YES;
				CLANG_WARN__DUPLICATE_METHOD_MATCH = YES;
				COPY_PHASE_STRIP = NO;
				DEBUG_INFORMATION_FORMAT = dwarf;
				ENABLE_STRICT_OBJC_MSGSEND = YES;
				ENABLE_TESTABILITY = YES;
				GCC_C_LANGUAGE_STANDARD = gnu11;
				GCC_DYNAMIC_NO_PIC = NO;
				GCC_NO_COMMON_BLOCKS = YES;
				GCC_OPTIMIZATION_LEVEL = 0;
				GCC_PREPROCESSOR_DEFINITIONS = (
					"DEBUG=1",
					"$(inherited)",
				);
				GCC_WARN_64_TO_32_BIT_CONVERSION = YES;
				GCC_WARN_ABOUT_RETURN_TYPE = YES_ERROR;
				GCC_WARN_UNDECLARED_SELECTOR = YES;
				GCC_WARN_UNINITIALIZED_AUTOS = YES_AGGRESSIVE;
				GCC_WARN_UNUSED_FUNCTION = YES;
				GCC_WARN_UNUSED_VARIABLE = YES;
				IPHONEOS_DEPLOYMENT_TARGET = 16.4;
				MTL_ENABLE_DEBUG_INFO = INCLUDE_SOURCE;
				MTL_FAST_MATH = YES;
				ONLY_ACTIVE_ARCH = YES;
				SDKROOT = iphoneos;
				SWIFT_ACTIVE_COMPILATION_CONDITIONS = DEBUG;
				SWIFT_OPTIMIZATION_LEVEL = "-Onone";
			};
			name = Debug;
		};
		379B65C82A9323F800A44066 /* Release */ = {
			isa = XCBuildConfiguration;
			buildSettings = {
				ALWAYS_SEARCH_USER_PATHS = NO;
				CLANG_ANALYZER_NONNULL = YES;
				CLANG_ANALYZER_NUMBER_OBJECT_CONVERSION = YES_AGGRESSIVE;
				CLANG_CXX_LANGUAGE_STANDARD = "gnu++20";
				CLANG_ENABLE_MODULES = YES;
				CLANG_ENABLE_OBJC_ARC = YES;
				CLANG_ENABLE_OBJC_WEAK = YES;
				CLANG_WARN_BLOCK_CAPTURE_AUTORELEASING = YES;
				CLANG_WARN_BOOL_CONVERSION = YES;
				CLANG_WARN_COMMA = YES;
				CLANG_WARN_CONSTANT_CONVERSION = YES;
				CLANG_WARN_DEPRECATED_OBJC_IMPLEMENTATIONS = YES;
				CLANG_WARN_DIRECT_OBJC_ISA_USAGE = YES_ERROR;
				CLANG_WARN_DOCUMENTATION_COMMENTS = YES;
				CLANG_WARN_EMPTY_BODY = YES;
				CLANG_WARN_ENUM_CONVERSION = YES;
				CLANG_WARN_INFINITE_RECURSION = YES;
				CLANG_WARN_INT_CONVERSION = YES;
				CLANG_WARN_NON_LITERAL_NULL_CONVERSION = YES;
				CLANG_WARN_OBJC_IMPLICIT_RETAIN_SELF = YES;
				CLANG_WARN_OBJC_LITERAL_CONVERSION = YES;
				CLANG_WARN_OBJC_ROOT_CLASS = YES_ERROR;
				CLANG_WARN_QUOTED_INCLUDE_IN_FRAMEWORK_HEADER = YES;
				CLANG_WARN_RANGE_LOOP_ANALYSIS = YES;
				CLANG_WARN_STRICT_PROTOTYPES = YES;
				CLANG_WARN_SUSPICIOUS_MOVE = YES;
				CLANG_WARN_UNGUARDED_AVAILABILITY = YES_AGGRESSIVE;
				CLANG_WARN_UNREACHABLE_CODE = YES;
				CLANG_WARN__DUPLICATE_METHOD_MATCH = YES;
				COPY_PHASE_STRIP = NO;
				DEBUG_INFORMATION_FORMAT = "dwarf-with-dsym";
				ENABLE_NS_ASSERTIONS = NO;
				ENABLE_STRICT_OBJC_MSGSEND = YES;
				GCC_C_LANGUAGE_STANDARD = gnu11;
				GCC_NO_COMMON_BLOCKS = YES;
				GCC_WARN_64_TO_32_BIT_CONVERSION = YES;
				GCC_WARN_ABOUT_RETURN_TYPE = YES_ERROR;
				GCC_WARN_UNDECLARED_SELECTOR = YES;
				GCC_WARN_UNINITIALIZED_AUTOS = YES_AGGRESSIVE;
				GCC_WARN_UNUSED_FUNCTION = YES;
				GCC_WARN_UNUSED_VARIABLE = YES;
				IPHONEOS_DEPLOYMENT_TARGET = 16.4;
				MTL_ENABLE_DEBUG_INFO = NO;
				MTL_FAST_MATH = YES;
				SDKROOT = iphoneos;
				SWIFT_COMPILATION_MODE = wholemodule;
				SWIFT_OPTIMIZATION_LEVEL = "-O";
				VALIDATE_PRODUCT = YES;
			};
			name = Release;
		};
		379B65CA2A9323F800A44066 /* Debug */ = {
			isa = XCBuildConfiguration;
			buildSettings = {
				ASSETCATALOG_COMPILER_APPICON_NAME = AppIcon;
				ASSETCATALOG_COMPILER_GLOBAL_ACCENT_COLOR_NAME = AccentColor;
				CODE_SIGN_STYLE = Automatic;
				CURRENT_PROJECT_VERSION = 1;
				DEVELOPMENT_TEAM = S9H8WZG98K;
				GENERATE_INFOPLIST_FILE = YES;
				INFOPLIST_FILE = "Shape Makers/Info.plist";
				INFOPLIST_KEY_UIApplicationSupportsIndirectInputEvents = YES;
				INFOPLIST_KEY_UILaunchStoryboardName = LaunchScreen;
				INFOPLIST_KEY_UIMainStoryboardFile = Main;
				INFOPLIST_KEY_UISupportedInterfaceOrientations_iPad = "UIInterfaceOrientationPortrait UIInterfaceOrientationPortraitUpsideDown UIInterfaceOrientationLandscapeLeft UIInterfaceOrientationLandscapeRight";
				INFOPLIST_KEY_UISupportedInterfaceOrientations_iPhone = "UIInterfaceOrientationPortrait UIInterfaceOrientationLandscapeLeft UIInterfaceOrientationLandscapeRight";
				LD_RUNPATH_SEARCH_PATHS = (
					"$(inherited)",
					"@executable_path/Frameworks",
				);
				MARKETING_VERSION = 1.0;
				PRODUCT_BUNDLE_IDENTIFIER = "Keerthika-Chokkalingam.Shape-Makers";
				PRODUCT_NAME = "$(TARGET_NAME)";
				SWIFT_EMIT_LOC_STRINGS = YES;
				SWIFT_VERSION = 5.0;
				TARGETED_DEVICE_FAMILY = "1,2";
			};
			name = Debug;
		};
		379B65CB2A9323F800A44066 /* Release */ = {
			isa = XCBuildConfiguration;
			buildSettings = {
				ASSETCATALOG_COMPILER_APPICON_NAME = AppIcon;
				ASSETCATALOG_COMPILER_GLOBAL_ACCENT_COLOR_NAME = AccentColor;
				CODE_SIGN_STYLE = Automatic;
				CURRENT_PROJECT_VERSION = 1;
				DEVELOPMENT_TEAM = S9H8WZG98K;
				GENERATE_INFOPLIST_FILE = YES;
				INFOPLIST_FILE = "Shape Makers/Info.plist";
				INFOPLIST_KEY_UIApplicationSupportsIndirectInputEvents = YES;
				INFOPLIST_KEY_UILaunchStoryboardName = LaunchScreen;
				INFOPLIST_KEY_UIMainStoryboardFile = Main;
				INFOPLIST_KEY_UISupportedInterfaceOrientations_iPad = "UIInterfaceOrientationPortrait UIInterfaceOrientationPortraitUpsideDown UIInterfaceOrientationLandscapeLeft UIInterfaceOrientationLandscapeRight";
				INFOPLIST_KEY_UISupportedInterfaceOrientations_iPhone = "UIInterfaceOrientationPortrait UIInterfaceOrientationLandscapeLeft UIInterfaceOrientationLandscapeRight";
				LD_RUNPATH_SEARCH_PATHS = (
					"$(inherited)",
					"@executable_path/Frameworks",
				);
				MARKETING_VERSION = 1.0;
				PRODUCT_BUNDLE_IDENTIFIER = "Keerthika-Chokkalingam.Shape-Makers";
				PRODUCT_NAME = "$(TARGET_NAME)";
				SWIFT_EMIT_LOC_STRINGS = YES;
				SWIFT_VERSION = 5.0;
				TARGETED_DEVICE_FAMILY = "1,2";
			};
			name = Release;
		};
		379B65CD2A9323F800A44066 /* Debug */ = {
			isa = XCBuildConfiguration;
			buildSettings = {
				ALWAYS_EMBED_SWIFT_STANDARD_LIBRARIES = YES;
				BUNDLE_LOADER = "$(TEST_HOST)";
				CODE_SIGN_STYLE = Automatic;
				CURRENT_PROJECT_VERSION = 1;
				DEVELOPMENT_TEAM = S9H8WZG98K;
				GENERATE_INFOPLIST_FILE = YES;
				IPHONEOS_DEPLOYMENT_TARGET = 16.4;
				MARKETING_VERSION = 1.0;
				PRODUCT_BUNDLE_IDENTIFIER = "Keerthika-Chokkalingam.Shape-MakersTests";
				PRODUCT_NAME = "$(TARGET_NAME)";
				SWIFT_EMIT_LOC_STRINGS = NO;
				SWIFT_VERSION = 5.0;
				TARGETED_DEVICE_FAMILY = "1,2";
				TEST_HOST = "$(BUILT_PRODUCTS_DIR)/Shape Makers.app/$(BUNDLE_EXECUTABLE_FOLDER_PATH)/Shape Makers";
			};
			name = Debug;
		};
		379B65CE2A9323F800A44066 /* Release */ = {
			isa = XCBuildConfiguration;
			buildSettings = {
				ALWAYS_EMBED_SWIFT_STANDARD_LIBRARIES = YES;
				BUNDLE_LOADER = "$(TEST_HOST)";
				CODE_SIGN_STYLE = Automatic;
				CURRENT_PROJECT_VERSION = 1;
				DEVELOPMENT_TEAM = S9H8WZG98K;
				GENERATE_INFOPLIST_FILE = YES;
				IPHONEOS_DEPLOYMENT_TARGET = 16.4;
				MARKETING_VERSION = 1.0;
				PRODUCT_BUNDLE_IDENTIFIER = "Keerthika-Chokkalingam.Shape-MakersTests";
				PRODUCT_NAME = "$(TARGET_NAME)";
				SWIFT_EMIT_LOC_STRINGS = NO;
				SWIFT_VERSION = 5.0;
				TARGETED_DEVICE_FAMILY = "1,2";
				TEST_HOST = "$(BUILT_PRODUCTS_DIR)/Shape Makers.app/$(BUNDLE_EXECUTABLE_FOLDER_PATH)/Shape Makers";
			};
			name = Release;
		};
		379B65D02A9323F800A44066 /* Debug */ = {
			isa = XCBuildConfiguration;
			buildSettings = {
				ALWAYS_EMBED_SWIFT_STANDARD_LIBRARIES = YES;
				CODE_SIGN_STYLE = Automatic;
				CURRENT_PROJECT_VERSION = 1;
				DEVELOPMENT_TEAM = S9H8WZG98K;
				GENERATE_INFOPLIST_FILE = YES;
				MARKETING_VERSION = 1.0;
				PRODUCT_BUNDLE_IDENTIFIER = "Keerthika-Chokkalingam.Shape-MakersUITests";
				PRODUCT_NAME = "$(TARGET_NAME)";
				SWIFT_EMIT_LOC_STRINGS = NO;
				SWIFT_VERSION = 5.0;
				TARGETED_DEVICE_FAMILY = "1,2";
				TEST_TARGET_NAME = "Shape Makers";
			};
			name = Debug;
		};
		379B65D12A9323F800A44066 /* Release */ = {
			isa = XCBuildConfiguration;
			buildSettings = {
				ALWAYS_EMBED_SWIFT_STANDARD_LIBRARIES = YES;
				CODE_SIGN_STYLE = Automatic;
				CURRENT_PROJECT_VERSION = 1;
				DEVELOPMENT_TEAM = S9H8WZG98K;
				GENERATE_INFOPLIST_FILE = YES;
				MARKETING_VERSION = 1.0;
				PRODUCT_BUNDLE_IDENTIFIER = "Keerthika-Chokkalingam.Shape-MakersUITests";
				PRODUCT_NAME = "$(TARGET_NAME)";
				SWIFT_EMIT_LOC_STRINGS = NO;
				SWIFT_VERSION = 5.0;
				TARGETED_DEVICE_FAMILY = "1,2";
				TEST_TARGET_NAME = "Shape Makers";
			};
			name = Release;
		};
/* End XCBuildConfiguration section */

/* Begin XCConfigurationList section */
		379B659A2A9323F700A44066 /* Build configuration list for PBXProject "Shape Makers" */ = {
			isa = XCConfigurationList;
			buildConfigurations = (
				379B65C72A9323F800A44066 /* Debug */,
				379B65C82A9323F800A44066 /* Release */,
			);
			defaultConfigurationIsVisible = 0;
			defaultConfigurationName = Release;
		};
		379B65C92A9323F800A44066 /* Build configuration list for PBXNativeTarget "Shape Makers" */ = {
			isa = XCConfigurationList;
			buildConfigurations = (
				379B65CA2A9323F800A44066 /* Debug */,
				379B65CB2A9323F800A44066 /* Release */,
			);
			defaultConfigurationIsVisible = 0;
			defaultConfigurationName = Release;
		};
		379B65CC2A9323F800A44066 /* Build configuration list for PBXNativeTarget "Shape MakersTests" */ = {
			isa = XCConfigurationList;
			buildConfigurations = (
				379B65CD2A9323F800A44066 /* Debug */,
				379B65CE2A9323F800A44066 /* Release */,
			);
			defaultConfigurationIsVisible = 0;
			defaultConfigurationName = Release;
		};
		379B65CF2A9323F800A44066 /* Build configuration list for PBXNativeTarget "Shape MakersUITests" */ = {
			isa = XCConfigurationList;
			buildConfigurations = (
				379B65D02A9323F800A44066 /* Debug */,
				379B65D12A9323F800A44066 /* Release */,
			);
			defaultConfigurationIsVisible = 0;
			defaultConfigurationName = Release;
		};
/* End XCConfigurationList section */
	};
	rootObject = 379B65972A9323F700A44066 /* Project object */;
}
